
Microsoft Visual Studio Solution File, Format Version 12.00
# Visual Studio Version 17
VisualStudioVersion = 17.10.35027.167
MinimumVisualStudioVersion = 10.0.40219.1
Project("{FAE04EC0-301F-11D3-BF4B-00C04F79EFBC}") = "InvBack", "InvBack\InvBack.csproj", "{289CDF52-25F7-4922-898F-D26A19ED770D}"
EndProject
Project("{FAE04EC0-301F-11D3-BF4B-00C04F79EFBC}") = "InvControlador", "InvControlador\InvControlador.csproj", "{82F0ACBA-4152-4B41-903B-0ED5ED5BC311}"
EndProject
Project("{FAE04EC0-301F-11D3-BF4B-00C04F79EFBC}") = "InvFront", "InvFront\InvFront.csproj", "{B62261FE-9B3F-406B-9C12-4FE512BB7DC1}"
EndProject
Global
	GlobalSection(SolutionConfigurationPlatforms) = preSolution
		Debug|Any CPU = Debug|Any CPU
		Release|Any CPU = Release|Any CPU
	EndGlobalSection
	GlobalSection(ProjectConfigurationPlatforms) = postSolution
		{289CDF52-25F7-4922-898F-D26A19ED770D}.Debug|Any CPU.ActiveCfg = Debug|Any CPU
		{289CDF52-25F7-4922-898F-D26A19ED770D}.Debug|Any CPU.Build.0 = Debug|Any CPU
		{289CDF52-25F7-4922-898F-D26A19ED770D}.Release|Any CPU.ActiveCfg = Release|Any CPU
		{289CDF52-25F7-4922-898F-D26A19ED770D}.Release|Any CPU.Build.0 = Release|Any CPU
		{82F0ACBA-4152-4B41-903B-0ED5ED5BC311}.Debug|Any CPU.ActiveCfg = Debug|Any CPU
		{82F0ACBA-4152-4B41-903B-0ED5ED5BC311}.Debug|Any CPU.Build.0 = Debug|Any CPU
		{82F0ACBA-4152-4B41-903B-0ED5ED5BC311}.Release|Any CPU.ActiveCfg = Release|Any CPU
		{82F0ACBA-4152-4B41-903B-0ED5ED5BC311}.Release|Any CPU.Build.0 = Release|Any CPU
		{B62261FE-9B3F-406B-9C12-4FE512BB7DC1}.Debug|Any CPU.ActiveCfg = Debug|Any CPU
		{B62261FE-9B3F-406B-9C12-4FE512BB7DC1}.Debug|Any CPU.Build.0 = Debug|Any CPU
		{B62261FE-9B3F-406B-9C12-4FE512BB7DC1}.Release|Any CPU.ActiveCfg = Release|Any CPU
		{B62261FE-9B3F-406B-9C12-4FE512BB7DC1}.Release|Any CPU.Build.0 = Release|Any CPU
	EndGlobalSection
	GlobalSection(SolutionProperties) = preSolution
		HideSolutionNode = FALSE
	EndGlobalSection
	GlobalSection(ExtensibilityGlobals) = postSolution
		SolutionGuid = {7D9296A9-6670-424B-8B73-53591EACEC9B}
	EndGlobalSection
EndGlobal
